{
  "object": {
    "pins": [
      {
        "package": "RAMAnimatedTabBarController",
        "repositoryURL": "https://gitee.com/mirrors/animated-tab-bar.git",
        "state": {
          "branch": null,
          "revision": "52174249fa7b296c0fce1114be8f34081b85ffc3",
          "version": "5.2.0"
        }
      },
      {
        "package": "Kingfisher",
        "repositoryURL": "https://gitee.com/likeSo/Kingfisher.git",
        "state": {
          "branch": null,
          "revision": "175eeb4618b0a6ef4d69a7409b6a74ddd235a093",
          "version": "5.15.0"
        }
      },
      {
        "package": "SnapKit",
        "repositoryURL": "https://github.com/SnapKit/SnapKit.git",
        "state": {
          "branch": null,
          "revision": "d458564516e5676af9c70b4f4b2a9178294f1bc6",
          "version": "5.0.1"
        }
      }
    ]
  },
  "version": 1
}
