// !$*UTF8*$!
{
	archiveVersion = 1;
	classes = {
	};
	objectVersion = 51;
	objects = {

/* Begin PBXBuildFile section */
		854FCC012563B2C500B0C9B4 /* Resource in Resources */ = {isa = PBXBuildFile; fileRef = 854FCC002563B2C500B0C9B4 /* Resource */; };
		854FCC152563B3C400B0C9B4 /* Square.swift in Sources */ = {isa = PBXBuildFile; fileRef = 854FCC0A2563B3C400B0C9B4 /* Square.swift */; };
		854FCC162563B3C400B0C9B4 /* Home.swift in Sources */ = {isa = PBXBuildFile; fileRef = 854FCC0B2563B3C400B0C9B4 /* Home.swift */; };
		854FCC172563B3C400B0C9B4 /* Analy.swift in Sources */ = {isa = PBXBuildFile; fileRef = 854FCC0D2563B3C400B0C9B4 /* Analy.swift */; };
		854FCC182563B3C400B0C9B4 /* Accoun.swift in Sources */ = {isa = PBXBuildFile; fileRef = 854FCC0F2563B3C400B0C9B4 /* Accoun.swift */; };
		854FCC192563B3C400B0C9B4 /* Advert.swift in Sources */ = {isa = PBXBuildFile; fileRef = 854FCC122563B3C400B0C9B4 /* Advert.swift */; };
		854FCC1A2563B3C400B0C9B4 /* Login.swift in Sources */ = {isa = PBXBuildFile; fileRef = 854FCC142563B3C400B0C9B4 /* Login.swift */; };
		854FCC1E2563B3E300B0C9B4 /* MainTheme.swift in Sources */ = {isa = PBXBuildFile; fileRef = 854FCC1D2563B3E300B0C9B4 /* MainTheme.swift */; };
		854FCC262563B59400B0C9B4 /* ViewController.swift in Sources */ = {isa = PBXBuildFile; fileRef = 854FCC232563B59400B0C9B4 /* ViewController.swift */; };
		854FCC272563B59400B0C9B4 /* SimpleLayoutViewController.swift in Sources */ = {isa = PBXBuildFile; fileRef = 854FCC242563B59400B0C9B4 /* SimpleLayoutViewController.swift */; };
		854FCC282563B59400B0C9B4 /* BasicUIScrollViewController.swift in Sources */ = {isa = PBXBuildFile; fileRef = 854FCC252563B59400B0C9B4 /* BasicUIScrollViewController.swift */; };
		854FCC2D2563B64400B0C9B4 /* Log.swift in Sources */ = {isa = PBXBuildFile; fileRef = 854FCC2C2563B64400B0C9B4 /* Log.swift */; };
		854FCC472563C7E200B0C9B4 /* AppInfo.log in Resources */ = {isa = PBXBuildFile; fileRef = 854FCC462563C7E200B0C9B4 /* AppInfo.log */; };
		8565948A2563A9E2000B22E2 /* AppDelegate.swift in Sources */ = {isa = PBXBuildFile; fileRef = 856594892563A9E2000B22E2 /* AppDelegate.swift */; };
		8565948C2563A9E2000B22E2 /* SceneDelegate.swift in Sources */ = {isa = PBXBuildFile; fileRef = 8565948B2563A9E2000B22E2 /* SceneDelegate.swift */; };
		856594932563A9E4000B22E2 /* Assets.xcassets in Resources */ = {isa = PBXBuildFile; fileRef = 856594922563A9E4000B22E2 /* Assets.xcassets */; };
		856594962563A9E4000B22E2 /* LaunchScreen.storyboard in Resources */ = {isa = PBXBuildFile; fileRef = 856594942563A9E4000B22E2 /* LaunchScreen.storyboard */; };
		B07AA42175B462269AC43CA6 /* Pods_sshuo.framework in Frameworks */ = {isa = PBXBuildFile; fileRef = 28C19A273CC5A26C2AE9D768 /* Pods_sshuo.framework */; };
/* End PBXBuildFile section */

/* Begin PBXFileReference section */
		1819701180E8905F9F57915B /* Pods-sshuo.debug.xcconfig */ = {isa = PBXFileReference; includeInIndex = 1; lastKnownFileType = text.xcconfig; name = "Pods-sshuo.debug.xcconfig"; path = "Target Support Files/Pods-sshuo/Pods-sshuo.debug.xcconfig"; sourceTree = "<group>"; };
		28C19A273CC5A26C2AE9D768 /* Pods_sshuo.framework */ = {isa = PBXFileReference; explicitFileType = wrapper.framework; includeInIndex = 0; path = Pods_sshuo.framework; sourceTree = BUILT_PRODUCTS_DIR; };
		854FCC002563B2C500B0C9B4 /* Resource */ = {isa = PBXFileReference; lastKnownFileType = folder; path = Resource; sourceTree = "<group>"; };
		854FCC0A2563B3C400B0C9B4 /* Square.swift */ = {isa = PBXFileReference; fileEncoding = 4; lastKnownFileType = sourcecode.swift; path = Square.swift; sourceTree = "<group>"; };
		854FCC0B2563B3C400B0C9B4 /* Home.swift */ = {isa = PBXFileReference; fileEncoding = 4; lastKnownFileType = sourcecode.swift; path = Home.swift; sourceTree = "<group>"; };
		854FCC0D2563B3C400B0C9B4 /* Analy.swift */ = {isa = PBXFileReference; fileEncoding = 4; lastKnownFileType = sourcecode.swift; path = Analy.swift; sourceTree = "<group>"; };
		854FCC0F2563B3C400B0C9B4 /* Accoun.swift */ = {isa = PBXFileReference; fileEncoding = 4; lastKnownFileType = sourcecode.swift; path = Accoun.swift; sourceTree = "<group>"; };
		854FCC122563B3C400B0C9B4 /* Advert.swift */ = {isa = PBXFileReference; fileEncoding = 4; lastKnownFileType = sourcecode.swift; path = Advert.swift; sourceTree = "<group>"; };
		854FCC142563B3C400B0C9B4 /* Login.swift */ = {isa = PBXFileReference; fileEncoding = 4; lastKnownFileType = sourcecode.swift; path = Login.swift; sourceTree = "<group>"; };
		854FCC1D2563B3E300B0C9B4 /* MainTheme.swift */ = {isa = PBXFileReference; fileEncoding = 4; lastKnownFileType = sourcecode.swift; path = MainTheme.swift; sourceTree = "<group>"; };
		854FCC232563B59400B0C9B4 /* ViewController.swift */ = {isa = PBXFileReference; fileEncoding = 4; lastKnownFileType = sourcecode.swift; path = ViewController.swift; sourceTree = "<group>"; };
		854FCC242563B59400B0C9B4 /* SimpleLayoutViewController.swift */ = {isa = PBXFileReference; fileEncoding = 4; lastKnownFileType = sourcecode.swift; path = SimpleLayoutViewController.swift; sourceTree = "<group>"; };
		854FCC252563B59400B0C9B4 /* BasicUIScrollViewController.swift */ = {isa = PBXFileReference; fileEncoding = 4; lastKnownFileType = sourcecode.swift; path = BasicUIScrollViewController.swift; sourceTree = "<group>"; };
		854FCC2C2563B64400B0C9B4 /* Log.swift */ = {isa = PBXFileReference; lastKnownFileType = sourcecode.swift; path = Log.swift; sourceTree = "<group>"; };
		854FCC462563C7E200B0C9B4 /* AppInfo.log */ = {isa = PBXFileReference; lastKnownFileType = text; path = AppInfo.log; sourceTree = "<group>"; };
		856594862563A9E2000B22E2 /* sshuo.app */ = {isa = PBXFileReference; explicitFileType = wrapper.application; includeInIndex = 0; path = sshuo.app; sourceTree = BUILT_PRODUCTS_DIR; };
		856594892563A9E2000B22E2 /* AppDelegate.swift */ = {isa = PBXFileReference; lastKnownFileType = sourcecode.swift; path = AppDelegate.swift; sourceTree = "<group>"; };
		8565948B2563A9E2000B22E2 /* SceneDelegate.swift */ = {isa = PBXFileReference; lastKnownFileType = sourcecode.swift; path = SceneDelegate.swift; sourceTree = "<group>"; };
		856594922563A9E4000B22E2 /* Assets.xcassets */ = {isa = PBXFileReference; lastKnownFileType = folder.assetcatalog; path = Assets.xcassets; sourceTree = "<group>"; };
		856594952563A9E4000B22E2 /* Base */ = {isa = PBXFileReference; lastKnownFileType = file.storyboard; name = Base; path = Base.lproj/LaunchScreen.storyboard; sourceTree = "<group>"; };
		856594972563A9E4000B22E2 /* Info.plist */ = {isa = PBXFileReference; lastKnownFileType = text.plist.xml; path = Info.plist; sourceTree = "<group>"; };
		A0C80163F13AA5911B78DA26 /* Pods-sshuo.release.xcconfig */ = {isa = PBXFileReference; includeInIndex = 1; lastKnownFileType = text.xcconfig; name = "Pods-sshuo.release.xcconfig"; path = "Target Support Files/Pods-sshuo/Pods-sshuo.release.xcconfig"; sourceTree = "<group>"; };
/* End PBXFileReference section */

/* Begin PBXFrameworksBuildPhase section */
		856594832563A9E2000B22E2 /* Frameworks */ = {
			isa = PBXFrameworksBuildPhase;
			buildActionMask = 2147483647;
			files = (
				B07AA42175B462269AC43CA6 /* Pods_sshuo.framework in Frameworks */,
			);
			runOnlyForDeploymentPostprocessing = 0;
		};
/* End PBXFrameworksBuildPhase section */

/* Begin PBXGroup section */
		6DFE5D3FCB1BA95DC2557684 /* Frameworks */ = {
			isa = PBXGroup;
			children = (
				28C19A273CC5A26C2AE9D768 /* Pods_sshuo.framework */,
			);
			name = Frameworks;
			sourceTree = "<group>";
		};
		854FCC072563B3C400B0C9B4 /* Module */ = {
			isa = PBXGroup;
			children = (
				854FCC082563B3C400B0C9B4 /* Home */,
				854FCC102563B3C400B0C9B4 /* Launch */,
				854FCC112563B3C400B0C9B4 /* Advert */,
				854FCC132563B3C400B0C9B4 /* Login */,
			);
			path = Module;
			sourceTree = "<group>";
		};
		854FCC082563B3C400B0C9B4 /* Home */ = {
			isa = PBXGroup;
			children = (
				854FCC092563B3C400B0C9B4 /* Square */,
				854FCC0B2563B3C400B0C9B4 /* Home.swift */,
				854FCC0C2563B3C400B0C9B4 /* Analy */,
				854FCC0E2563B3C400B0C9B4 /* Account */,
			);
			path = Home;
			sourceTree = "<group>";
		};
		854FCC092563B3C400B0C9B4 /* Square */ = {
			isa = PBXGroup;
			children = (
				854FCC0A2563B3C400B0C9B4 /* Square.swift */,
			);
			path = Square;
			sourceTree = "<group>";
		};
		854FCC0C2563B3C400B0C9B4 /* Analy */ = {
			isa = PBXGroup;
			children = (
				854FCC0D2563B3C400B0C9B4 /* Analy.swift */,
			);
			path = Analy;
			sourceTree = "<group>";
		};
		854FCC0E2563B3C400B0C9B4 /* Account */ = {
			isa = PBXGroup;
			children = (
				854FCC0F2563B3C400B0C9B4 /* Accoun.swift */,
			);
			path = Account;
			sourceTree = "<group>";
		};
		854FCC102563B3C400B0C9B4 /* Launch */ = {
			isa = PBXGroup;
			children = (
			);
			path = Launch;
			sourceTree = "<group>";
		};
		854FCC112563B3C400B0C9B4 /* Advert */ = {
			isa = PBXGroup;
			children = (
				854FCC122563B3C400B0C9B4 /* Advert.swift */,
			);
			path = Advert;
			sourceTree = "<group>";
		};
		854FCC132563B3C400B0C9B4 /* Login */ = {
			isa = PBXGroup;
			children = (
				854FCC142563B3C400B0C9B4 /* Login.swift */,
			);
			path = Login;
			sourceTree = "<group>";
		};
		854FCC1C2563B3E300B0C9B4 /* Theme */ = {
			isa = PBXGroup;
			children = (
				854FCC1D2563B3E300B0C9B4 /* MainTheme.swift */,
			);
			path = Theme;
			sourceTree = "<group>";
		};
		854FCC222563B59400B0C9B4 /* Test */ = {
			isa = PBXGroup;
			children = (
				854FCC232563B59400B0C9B4 /* ViewController.swift */,
				854FCC242563B59400B0C9B4 /* SimpleLayoutViewController.swift */,
				854FCC252563B59400B0C9B4 /* BasicUIScrollViewController.swift */,
			);
			path = Test;
			sourceTree = "<group>";
		};
		854FCC2A2563B62A00B0C9B4 /* Public */ = {
			isa = PBXGroup;
			children = (
				854FCC2B2563B63900B0C9B4 /* Log */,
			);
			path = Public;
			sourceTree = "<group>";
		};
		854FCC2B2563B63900B0C9B4 /* Log */ = {
			isa = PBXGroup;
			children = (
				854FCC2C2563B64400B0C9B4 /* Log.swift */,
			);
			path = Log;
			sourceTree = "<group>";
		};
		854FCC452563C7C200B0C9B4 /* Doc */ = {
			isa = PBXGroup;
			children = (
				854FCC462563C7E200B0C9B4 /* AppInfo.log */,
			);
			path = Doc;
			sourceTree = "<group>";
		};
		8565947D2563A9E2000B22E2 = {
			isa = PBXGroup;
			children = (
				854FCC452563C7C200B0C9B4 /* Doc */,
				854FCC002563B2C500B0C9B4 /* Resource */,
				856594882563A9E2000B22E2 /* sshuo */,
				856594872563A9E2000B22E2 /* Products */,
				F2E4E91FA02CBC85ED219D18 /* Pods */,
				6DFE5D3FCB1BA95DC2557684 /* Frameworks */,
			);
			sourceTree = "<group>";
		};
		856594872563A9E2000B22E2 /* Products */ = {
			isa = PBXGroup;
			children = (
				856594862563A9E2000B22E2 /* sshuo.app */,
			);
			name = Products;
			sourceTree = "<group>";
		};
		856594882563A9E2000B22E2 /* sshuo */ = {
			isa = PBXGroup;
			children = (
				854FCC2A2563B62A00B0C9B4 /* Public */,
				854FCC222563B59400B0C9B4 /* Test */,
				854FCC1C2563B3E300B0C9B4 /* Theme */,
				854FCC072563B3C400B0C9B4 /* Module */,
				856594892563A9E2000B22E2 /* AppDelegate.swift */,
				8565948B2563A9E2000B22E2 /* SceneDelegate.swift */,
				856594922563A9E4000B22E2 /* Assets.xcassets */,
				856594942563A9E4000B22E2 /* LaunchScreen.storyboard */,
				856594972563A9E4000B22E2 /* Info.plist */,
			);
			path = sshuo;
			sourceTree = "<group>";
		};
		F2E4E91FA02CBC85ED219D18 /* Pods */ = {
			isa = PBXGroup;
			children = (
				1819701180E8905F9F57915B /* Pods-sshuo.debug.xcconfig */,
				A0C80163F13AA5911B78DA26 /* Pods-sshuo.release.xcconfig */,
			);
			path = Pods;
			sourceTree = "<group>";
		};
/* End PBXGroup section */

/* Begin PBXNativeTarget section */
		856594852563A9E2000B22E2 /* sshuo */ = {
			isa = PBXNativeTarget;
			buildConfigurationList = 8565949A2563A9E4000B22E2 /* Build configuration list for PBXNativeTarget "sshuo" */;
			buildPhases = (
				093035526FC3FDD839166186 /* [CP] Check Pods Manifest.lock */,
				856594822563A9E2000B22E2 /* Sources */,
				856594832563A9E2000B22E2 /* Frameworks */,
				856594842563A9E2000B22E2 /* Resources */,
				397C5CA4E1A38C047C839E9F /* [CP] Embed Pods Frameworks */,
			);
			buildRules = (
			);
			dependencies = (
			);
			name = sshuo;
			productName = sshuo;
			productReference = 856594862563A9E2000B22E2 /* sshuo.app */;
			productType = "com.apple.product-type.application";
		};
/* End PBXNativeTarget section */

/* Begin PBXProject section */
		8565947E2563A9E2000B22E2 /* Project object */ = {
			isa = PBXProject;
			attributes = {
				LastSwiftUpdateCheck = 1220;
				LastUpgradeCheck = 1220;
				TargetAttributes = {
					856594852563A9E2000B22E2 = {
						CreatedOnToolsVersion = 12.2;
					};
				};
			};
			buildConfigurationList = 856594812563A9E2000B22E2 /* Build configuration list for PBXProject "sshuo" */;
			compatibilityVersion = "Xcode 9.3";
			developmentRegion = en;
			hasScannedForEncodings = 0;
			knownRegions = (
				en,
				Base,
			);
			mainGroup = 8565947D2563A9E2000B22E2;
			productRefGroup = 856594872563A9E2000B22E2 /* Products */;
			projectDirPath = "";
			projectRoot = "";
			targets = (
				856594852563A9E2000B22E2 /* sshuo */,
			);
		};
/* End PBXProject section */

/* Begin PBXResourcesBuildPhase section */
		856594842563A9E2000B22E2 /* Resources */ = {
			isa = PBXResourcesBuildPhase;
			buildActionMask = 2147483647;
			files = (
				854FCC012563B2C500B0C9B4 /* Resource in Resources */,
				856594962563A9E4000B22E2 /* LaunchScreen.storyboard in Resources */,
				854FCC472563C7E200B0C9B4 /* AppInfo.log in Resources */,
				856594932563A9E4000B22E2 /* Assets.xcassets in Resources */,
			);
			runOnlyForDeploymentPostprocessing = 0;
		};
/* End PBXResourcesBuildPhase section */

/* Begin PBXShellScriptBuildPhase section */
		093035526FC3FDD839166186 /* [CP] Check Pods Manifest.lock */ = {
			isa = PBXShellScriptBuildPhase;
			buildActionMask = 2147483647;
			files = (
			);
			inputFileListPaths = (
			);
			inputPaths = (
				"${PODS_PODFILE_DIR_PATH}/Podfile.lock",
				"${PODS_ROOT}/Manifest.lock",
			);
			name = "[CP] Check Pods Manifest.lock";
			outputFileListPaths = (
			);
			outputPaths = (
				"$(DERIVED_FILE_DIR)/Pods-sshuo-checkManifestLockResult.txt",
			);
			runOnlyForDeploymentPostprocessing = 0;
			shellPath = /bin/sh;
			shellScript = "diff \"${PODS_PODFILE_DIR_PATH}/Podfile.lock\" \"${PODS_ROOT}/Manifest.lock\" > /dev/null\nif [ $? != 0 ] ; then\n    # print error to STDERR\n    echo \"error: The sandbox is not in sync with the Podfile.lock. Run 'pod install' or update your CocoaPods installation.\" >&2\n    exit 1\nfi\n# This output is used by Xcode 'outputs' to avoid re-running this script phase.\necho \"SUCCESS\" > \"${SCRIPT_OUTPUT_FILE_0}\"\n";
			showEnvVarsInLog = 0;
		};
		397C5CA4E1A38C047C839E9F /* [CP] Embed Pods Frameworks */ = {
			isa = PBXShellScriptBuildPhase;
			buildActionMask = 2147483647;
			files = (
			);
			inputFileListPaths = (
				"${PODS_ROOT}/Target Support Files/Pods-sshuo/Pods-sshuo-frameworks-${CONFIGURATION}-input-files.xcfilelist",
			);
			name = "[CP] Embed Pods Frameworks";
			outputFileListPaths = (
				"${PODS_ROOT}/Target Support Files/Pods-sshuo/Pods-sshuo-frameworks-${CONFIGURATION}-output-files.xcfilelist",
			);
			runOnlyForDeploymentPostprocessing = 0;
			shellPath = /bin/sh;
			shellScript = "\"${PODS_ROOT}/Target Support Files/Pods-sshuo/Pods-sshuo-frameworks.sh\"\n";
			showEnvVarsInLog = 0;
		};
/* End PBXShellScriptBuildPhase section */

/* Begin PBXSourcesBuildPhase section */
		856594822563A9E2000B22E2 /* Sources */ = {
			isa = PBXSourcesBuildPhase;
			buildActionMask = 2147483647;
			files = (
				854FCC152563B3C400B0C9B4 /* Square.swift in Sources */,
				854FCC162563B3C400B0C9B4 /* Home.swift in Sources */,
				8565948A2563A9E2000B22E2 /* AppDelegate.swift in Sources */,
				854FCC282563B59400B0C9B4 /* BasicUIScrollViewController.swift in Sources */,
				854FCC262563B59400B0C9B4 /* ViewController.swift in Sources */,
				854FCC1E2563B3E300B0C9B4 /* MainTheme.swift in Sources */,
				8565948C2563A9E2000B22E2 /* SceneDelegate.swift in Sources */,
				854FCC2D2563B64400B0C9B4 /* Log.swift in Sources */,
				854FCC192563B3C400B0C9B4 /* Advert.swift in Sources */,
				854FCC272563B59400B0C9B4 /* SimpleLayoutViewController.swift in Sources */,
				854FCC1A2563B3C400B0C9B4 /* Login.swift in Sources */,
				854FCC172563B3C400B0C9B4 /* Analy.swift in Sources */,
				854FCC182563B3C400B0C9B4 /* Accoun.swift in Sources */,
			);
			runOnlyForDeploymentPostprocessing = 0;
		};
/* End PBXSourcesBuildPhase section */

/* Begin PBXVariantGroup section */
		856594942563A9E4000B22E2 /* LaunchScreen.storyboard */ = {
			isa = PBXVariantGroup;
			children = (
				856594952563A9E4000B22E2 /* Base */,
			);
			name = LaunchScreen.storyboard;
			sourceTree = "<group>";
		};
/* End PBXVariantGroup section */

/* Begin XCBuildConfiguration section */
		856594982563A9E4000B22E2 /* Debug */ = {
			isa = XCBuildConfiguration;
			buildSettings = {
				ALWAYS_SEARCH_USER_PATHS = NO;
				CLANG_ANALYZER_NONNULL = YES;
				CLANG_ANALYZER_NUMBER_OBJECT_CONVERSION = YES_AGGRESSIVE;
				CLANG_CXX_LANGUAGE_STANDARD = "gnu++14";
				CLANG_CXX_LIBRARY = "libc++";
				CLANG_ENABLE_MODULES = YES;
				CLANG_ENABLE_OBJC_ARC = YES;
				CLANG_ENABLE_OBJC_WEAK = YES;
				CLANG_WARN_BLOCK_CAPTURE_AUTORELEASING = YES;
				CLANG_WARN_BOOL_CONVERSION = YES;
				CLANG_WARN_COMMA = YES;
				CLANG_WARN_CONSTANT_CONVERSION = YES;
				CLANG_WARN_DEPRECATED_OBJC_IMPLEMENTATIONS = YES;
				CLANG_WARN_DIRECT_OBJC_ISA_USAGE = YES_ERROR;
				CLANG_WARN_DOCUMENTATION_COMMENTS = YES;
				CLANG_WARN_EMPTY_BODY = YES;
				CLANG_WARN_ENUM_CONVERSION = YES;
				CLANG_WARN_INFINITE_RECURSION = YES;
				CLANG_WARN_INT_CONVERSION = YES;
				CLANG_WARN_NON_LITERAL_NULL_CONVERSION = YES;
				CLANG_WARN_OBJC_IMPLICIT_RETAIN_SELF = YES;
				CLANG_WARN_OBJC_LITERAL_CONVERSION = YES;
				CLANG_WARN_OBJC_ROOT_CLASS = YES_ERROR;
				CLANG_WARN_QUOTED_INCLUDE_IN_FRAMEWORK_HEADER = YES;
				CLANG_WARN_RANGE_LOOP_ANALYSIS = YES;
				CLANG_WARN_STRICT_PROTOTYPES = YES;
				CLANG_WARN_SUSPICIOUS_MOVE = YES;
				CLANG_WARN_UNGUARDED_AVAILABILITY = YES_AGGRESSIVE;
				CLANG_WARN_UNREACHABLE_CODE = YES;
				CLANG_WARN__DUPLICATE_METHOD_MATCH = YES;
				COPY_PHASE_STRIP = NO;
				DEBUG_INFORMATION_FORMAT = dwarf;
				ENABLE_STRICT_OBJC_MSGSEND = YES;
				ENABLE_TESTABILITY = YES;
				GCC_C_LANGUAGE_STANDARD = gnu11;
				GCC_DYNAMIC_NO_PIC = NO;
				GCC_NO_COMMON_BLOCKS = YES;
				GCC_OPTIMIZATION_LEVEL = 0;
				GCC_PREPROCESSOR_DEFINITIONS = (
					"DEBUG=1",
					"$(inherited)",
				);
				GCC_WARN_64_TO_32_BIT_CONVERSION = YES;
				GCC_WARN_ABOUT_RETURN_TYPE = YES_ERROR;
				GCC_WARN_UNDECLARED_SELECTOR = YES;
				GCC_WARN_UNINITIALIZED_AUTOS = YES_AGGRESSIVE;
				GCC_WARN_UNUSED_FUNCTION = YES;
				GCC_WARN_UNUSED_VARIABLE = YES;
				IPHONEOS_DEPLOYMENT_TARGET = 14.2;
				MTL_ENABLE_DEBUG_INFO = INCLUDE_SOURCE;
				MTL_FAST_MATH = YES;
				ONLY_ACTIVE_ARCH = YES;
				SDKROOT = iphoneos;
				SWIFT_ACTIVE_COMPILATION_CONDITIONS = DEBUG;
				SWIFT_OPTIMIZATION_LEVEL = "-Onone";
			};
			name = Debug;
		};
		856594992563A9E4000B22E2 /* Release */ = {
			isa = XCBuildConfiguration;
			buildSettings = {
				ALWAYS_SEARCH_USER_PATHS = NO;
				CLANG_ANALYZER_NONNULL = YES;
				CLANG_ANALYZER_NUMBER_OBJECT_CONVERSION = YES_AGGRESSIVE;
				CLANG_CXX_LANGUAGE_STANDARD = "gnu++14";
				CLANG_CXX_LIBRARY = "libc++";
				CLANG_ENABLE_MODULES = YES;
				CLANG_ENABLE_OBJC_ARC = YES;
				CLANG_ENABLE_OBJC_WEAK = YES;
				CLANG_WARN_BLOCK_CAPTURE_AUTORELEASING = YES;
				CLANG_WARN_BOOL_CONVERSION = YES;
				CLANG_WARN_COMMA = YES;
				CLANG_WARN_CONSTANT_CONVERSION = YES;
				CLANG_WARN_DEPRECATED_OBJC_IMPLEMENTATIONS = YES;
				CLANG_WARN_DIRECT_OBJC_ISA_USAGE = YES_ERROR;
				CLANG_WARN_DOCUMENTATION_COMMENTS = YES;
				CLANG_WARN_EMPTY_BODY = YES;
				CLANG_WARN_ENUM_CONVERSION = YES;
				CLANG_WARN_INFINITE_RECURSION = YES;
				CLANG_WARN_INT_CONVERSION = YES;
				CLANG_WARN_NON_LITERAL_NULL_CONVERSION = YES;
				CLANG_WARN_OBJC_IMPLICIT_RETAIN_SELF = YES;
				CLANG_WARN_OBJC_LITERAL_CONVERSION = YES;
				CLANG_WARN_OBJC_ROOT_CLASS = YES_ERROR;
				CLANG_WARN_QUOTED_INCLUDE_IN_FRAMEWORK_HEADER = YES;
				CLANG_WARN_RANGE_LOOP_ANALYSIS = YES;
				CLANG_WARN_STRICT_PROTOTYPES = YES;
				CLANG_WARN_SUSPICIOUS_MOVE = YES;
				CLANG_WARN_UNGUARDED_AVAILABILITY = YES_AGGRESSIVE;
				CLANG_WARN_UNREACHABLE_CODE = YES;
				CLANG_WARN__DUPLICATE_METHOD_MATCH = YES;
				COPY_PHASE_STRIP = NO;
				DEBUG_INFORMATION_FORMAT = "dwarf-with-dsym";
				ENABLE_NS_ASSERTIONS = NO;
				ENABLE_STRICT_OBJC_MSGSEND = YES;
				GCC_C_LANGUAGE_STANDARD = gnu11;
				GCC_NO_COMMON_BLOCKS = YES;
				GCC_WARN_64_TO_32_BIT_CONVERSION = YES;
				GCC_WARN_ABOUT_RETURN_TYPE = YES_ERROR;
				GCC_WARN_UNDECLARED_SELECTOR = YES;
				GCC_WARN_UNINITIALIZED_AUTOS = YES_AGGRESSIVE;
				GCC_WARN_UNUSED_FUNCTION = YES;
				GCC_WARN_UNUSED_VARIABLE = YES;
				IPHONEOS_DEPLOYMENT_TARGET = 14.2;
				MTL_ENABLE_DEBUG_INFO = NO;
				MTL_FAST_MATH = YES;
				SDKROOT = iphoneos;
				SWIFT_COMPILATION_MODE = wholemodule;
				SWIFT_OPTIMIZATION_LEVEL = "-O";
				VALIDATE_PRODUCT = YES;
			};
			name = Release;
		};
		8565949B2563A9E4000B22E2 /* Debug */ = {
			isa = XCBuildConfiguration;
			baseConfigurationReference = 1819701180E8905F9F57915B /* Pods-sshuo.debug.xcconfig */;
			buildSettings = {
				ASSETCATALOG_COMPILER_APPICON_NAME = AppIcon;
				ASSETCATALOG_COMPILER_GLOBAL_ACCENT_COLOR_NAME = AccentColor;
				CODE_SIGN_STYLE = Automatic;
				DEVELOPMENT_TEAM = WYF5MT6849;
				INFOPLIST_FILE = sshuo/Info.plist;
				IPHONEOS_DEPLOYMENT_TARGET = 13.0;
				LD_RUNPATH_SEARCH_PATHS = (
					"$(inherited)",
					"@executable_path/Frameworks",
				);
				PRODUCT_BUNDLE_IDENTIFIER = umebfl.sshuo;
				PRODUCT_NAME = "$(TARGET_NAME)";
				SWIFT_VERSION = 5.0;
				TARGETED_DEVICE_FAMILY = "1,2";
			};
			name = Debug;
		};
		8565949C2563A9E4000B22E2 /* Release */ = {
			isa = XCBuildConfiguration;
			baseConfigurationReference = A0C80163F13AA5911B78DA26 /* Pods-sshuo.release.xcconfig */;
			buildSettings = {
				ASSETCATALOG_COMPILER_APPICON_NAME = AppIcon;
				ASSETCATALOG_COMPILER_GLOBAL_ACCENT_COLOR_NAME = AccentColor;
				CODE_SIGN_STYLE = Automatic;
				DEVELOPMENT_TEAM = WYF5MT6849;
				INFOPLIST_FILE = sshuo/Info.plist;
				IPHONEOS_DEPLOYMENT_TARGET = 13.0;
				LD_RUNPATH_SEARCH_PATHS = (
					"$(inherited)",
					"@executable_path/Frameworks",
				);
				PRODUCT_BUNDLE_IDENTIFIER = umebfl.sshuo;
				PRODUCT_NAME = "$(TARGET_NAME)";
				SWIFT_VERSION = 5.0;
				TARGETED_DEVICE_FAMILY = "1,2";
			};
			name = Release;
		};
/* End XCBuildConfiguration section */

/* Begin XCConfigurationList section */
		856594812563A9E2000B22E2 /* Build configuration list for PBXProject "sshuo" */ = {
			isa = XCConfigurationList;
			buildConfigurations = (
				856594982563A9E4000B22E2 /* Debug */,
				856594992563A9E4000B22E2 /* Release */,
			);
			defaultConfigurationIsVisible = 0;
			defaultConfigurationName = Release;
		};
		8565949A2563A9E4000B22E2 /* Build configuration list for PBXNativeTarget "sshuo" */ = {
			isa = XCConfigurationList;
			buildConfigurations = (
				8565949B2563A9E4000B22E2 /* Debug */,
				8565949C2563A9E4000B22E2 /* Release */,
			);
			defaultConfigurationIsVisible = 0;
			defaultConfigurationName = Release;
		};
/* End XCConfigurationList section */
	};
	rootObject = 8565947E2563A9E2000B22E2 /* Project object */;
}
