// !$*UTF8*$!
{
	archiveVersion = 1;
	classes = {
	};
	objectVersion = 52;
	objects = {

/* Begin PBXBuildFile section */
		856594432562D3FF000B22E2 /* MainTheme.swift in Sources */ = {isa = PBXBuildFile; fileRef = 856594422562D3FF000B22E2 /* MainTheme.swift */; };
		856594472562E54E000B22E2 /* RAMAnimatedTabBarController in Frameworks */ = {isa = PBXBuildFile; productRef = 856594462562E54E000B22E2 /* RAMAnimatedTabBarController */; };
		8565944A25635D6A000B22E2 /* Home.swift in Sources */ = {isa = PBXBuildFile; fileRef = 8565944925635D6A000B22E2 /* Home.swift */; };
		8565944E25635E8B000B22E2 /* Advert.swift in Sources */ = {isa = PBXBuildFile; fileRef = 8565944D25635E8B000B22E2 /* Advert.swift */; };
		856594522563654A000B22E2 /* Kingfisher in Frameworks */ = {isa = PBXBuildFile; productRef = 856594512563654A000B22E2 /* Kingfisher */; };
		8568487B2562938A00AE6964 /* AppDelegate.swift in Sources */ = {isa = PBXBuildFile; fileRef = 8568487A2562938A00AE6964 /* AppDelegate.swift */; };
		8568487D2562938A00AE6964 /* SceneDelegate.swift in Sources */ = {isa = PBXBuildFile; fileRef = 8568487C2562938A00AE6964 /* SceneDelegate.swift */; };
		8568487F2562938A00AE6964 /* ViewController.swift in Sources */ = {isa = PBXBuildFile; fileRef = 8568487E2562938A00AE6964 /* ViewController.swift */; };
		856848822562938A00AE6964 /* Main.storyboard in Resources */ = {isa = PBXBuildFile; fileRef = 856848802562938A00AE6964 /* Main.storyboard */; };
		856848852562938A00AE6964 /* sshuo.xcdatamodeld in Sources */ = {isa = PBXBuildFile; fileRef = 856848832562938A00AE6964 /* sshuo.xcdatamodeld */; };
		856848872562938B00AE6964 /* Assets.xcassets in Resources */ = {isa = PBXBuildFile; fileRef = 856848862562938B00AE6964 /* Assets.xcassets */; };
		8568488A2562938B00AE6964 /* LaunchScreen.storyboard in Resources */ = {isa = PBXBuildFile; fileRef = 856848882562938B00AE6964 /* LaunchScreen.storyboard */; };
		85684894256296EF00AE6964 /* Resource in Resources */ = {isa = PBXBuildFile; fileRef = 85684893256296EF00AE6964 /* Resource */; };
		856848C12562B35300AE6964 /* SnapKit in Frameworks */ = {isa = PBXBuildFile; productRef = 856848C02562B35300AE6964 /* SnapKit */; };
		856848C42562B5C000AE6964 /* SimpleLayoutViewController.swift in Sources */ = {isa = PBXBuildFile; fileRef = 856848C32562B5C000AE6964 /* SimpleLayoutViewController.swift */; };
		856848C72562B7A800AE6964 /* BasicUIScrollViewController.swift in Sources */ = {isa = PBXBuildFile; fileRef = 856848C62562B7A800AE6964 /* BasicUIScrollViewController.swift */; };
		856848CB2562B89B00AE6964 /* Main.swift in Sources */ = {isa = PBXBuildFile; fileRef = 856848CA2562B89B00AE6964 /* Main.swift */; };
		856848F92562C0AB00AE6964 /* Square.swift in Sources */ = {isa = PBXBuildFile; fileRef = 856848F82562C0AB00AE6964 /* Square.swift */; };
		856848FD2562C0EC00AE6964 /* Analy.swift in Sources */ = {isa = PBXBuildFile; fileRef = 856848FC2562C0EC00AE6964 /* Analy.swift */; };
		856849032562C19400AE6964 /* Accoun.swift in Sources */ = {isa = PBXBuildFile; fileRef = 856849022562C19400AE6964 /* Accoun.swift */; };
/* End PBXBuildFile section */

/* Begin PBXFileReference section */
		856594422562D3FF000B22E2 /* MainTheme.swift */ = {isa = PBXFileReference; fileEncoding = 4; lastKnownFileType = sourcecode.swift; path = MainTheme.swift; sourceTree = "<group>"; };
		8565944925635D6A000B22E2 /* Home.swift */ = {isa = PBXFileReference; lastKnownFileType = sourcecode.swift; path = Home.swift; sourceTree = "<group>"; };
		8565944D25635E8B000B22E2 /* Advert.swift */ = {isa = PBXFileReference; lastKnownFileType = sourcecode.swift; path = Advert.swift; sourceTree = "<group>"; };
		856848772562938A00AE6964 /* sshuo.app */ = {isa = PBXFileReference; explicitFileType = wrapper.application; includeInIndex = 0; path = sshuo.app; sourceTree = BUILT_PRODUCTS_DIR; };
		8568487A2562938A00AE6964 /* AppDelegate.swift */ = {isa = PBXFileReference; lastKnownFileType = sourcecode.swift; path = AppDelegate.swift; sourceTree = "<group>"; };
		8568487C2562938A00AE6964 /* SceneDelegate.swift */ = {isa = PBXFileReference; lastKnownFileType = sourcecode.swift; path = SceneDelegate.swift; sourceTree = "<group>"; };
		8568487E2562938A00AE6964 /* ViewController.swift */ = {isa = PBXFileReference; lastKnownFileType = sourcecode.swift; path = ViewController.swift; sourceTree = "<group>"; };
		856848812562938A00AE6964 /* Base */ = {isa = PBXFileReference; lastKnownFileType = file.storyboard; name = Base; path = Base.lproj/Main.storyboard; sourceTree = "<group>"; };
		856848842562938A00AE6964 /* sshuo.xcdatamodel */ = {isa = PBXFileReference; lastKnownFileType = wrapper.xcdatamodel; path = sshuo.xcdatamodel; sourceTree = "<group>"; };
		856848862562938B00AE6964 /* Assets.xcassets */ = {isa = PBXFileReference; lastKnownFileType = folder.assetcatalog; path = Assets.xcassets; sourceTree = "<group>"; };
		856848892562938B00AE6964 /* Base */ = {isa = PBXFileReference; lastKnownFileType = file.storyboard; name = Base; path = Base.lproj/LaunchScreen.storyboard; sourceTree = "<group>"; };
		8568488B2562938B00AE6964 /* Info.plist */ = {isa = PBXFileReference; lastKnownFileType = text.plist.xml; path = Info.plist; sourceTree = "<group>"; };
		85684893256296EF00AE6964 /* Resource */ = {isa = PBXFileReference; lastKnownFileType = folder; name = Resource; path = sshuo/Resource; sourceTree = "<group>"; };
		856848C32562B5C000AE6964 /* SimpleLayoutViewController.swift */ = {isa = PBXFileReference; lastKnownFileType = sourcecode.swift; path = SimpleLayoutViewController.swift; sourceTree = "<group>"; };
		856848C62562B7A800AE6964 /* BasicUIScrollViewController.swift */ = {isa = PBXFileReference; lastKnownFileType = sourcecode.swift; path = BasicUIScrollViewController.swift; sourceTree = "<group>"; };
		856848CA2562B89B00AE6964 /* Main.swift */ = {isa = PBXFileReference; lastKnownFileType = sourcecode.swift; path = Main.swift; sourceTree = "<group>"; };
		856848F82562C0AB00AE6964 /* Square.swift */ = {isa = PBXFileReference; lastKnownFileType = sourcecode.swift; path = Square.swift; sourceTree = "<group>"; };
		856848FC2562C0EC00AE6964 /* Analy.swift */ = {isa = PBXFileReference; lastKnownFileType = sourcecode.swift; path = Analy.swift; sourceTree = "<group>"; };
		856849022562C19400AE6964 /* Accoun.swift */ = {isa = PBXFileReference; lastKnownFileType = sourcecode.swift; path = Accoun.swift; sourceTree = "<group>"; };
/* End PBXFileReference section */

/* Begin PBXFrameworksBuildPhase section */
		856848742562938A00AE6964 /* Frameworks */ = {
			isa = PBXFrameworksBuildPhase;
			buildActionMask = 2147483647;
			files = (
				856594522563654A000B22E2 /* Kingfisher in Frameworks */,
				856594472562E54E000B22E2 /* RAMAnimatedTabBarController in Frameworks */,
				856848C12562B35300AE6964 /* SnapKit in Frameworks */,
			);
			runOnlyForDeploymentPostprocessing = 0;
		};
/* End PBXFrameworksBuildPhase section */

/* Begin PBXGroup section */
		856594412562D3EF000B22E2 /* Theme */ = {
			isa = PBXGroup;
			children = (
				856594422562D3FF000B22E2 /* MainTheme.swift */,
			);
			path = Theme;
			sourceTree = "<group>";
		};
		8565944C25635E59000B22E2 /* Advert */ = {
			isa = PBXGroup;
			children = (
				8565944D25635E8B000B22E2 /* Advert.swift */,
			);
			path = Advert;
			sourceTree = "<group>";
		};
		8568486E2562938A00AE6964 = {
			isa = PBXGroup;
			children = (
				85684893256296EF00AE6964 /* Resource */,
				856848792562938A00AE6964 /* sshuo */,
				856848782562938A00AE6964 /* Products */,
			);
			sourceTree = "<group>";
		};
		856848782562938A00AE6964 /* Products */ = {
			isa = PBXGroup;
			children = (
				856848772562938A00AE6964 /* sshuo.app */,
			);
			name = Products;
			sourceTree = "<group>";
		};
		856848792562938A00AE6964 /* sshuo */ = {
			isa = PBXGroup;
			children = (
				856594412562D3EF000B22E2 /* Theme */,
				856848F22562C03B00AE6964 /* Module */,
				856848C92562B80900AE6964 /* Test */,
				856848CA2562B89B00AE6964 /* Main.swift */,
				8568487A2562938A00AE6964 /* AppDelegate.swift */,
				8568487C2562938A00AE6964 /* SceneDelegate.swift */,
				856848802562938A00AE6964 /* Main.storyboard */,
				856848862562938B00AE6964 /* Assets.xcassets */,
				856848882562938B00AE6964 /* LaunchScreen.storyboard */,
				8568488B2562938B00AE6964 /* Info.plist */,
				856848832562938A00AE6964 /* sshuo.xcdatamodeld */,
			);
			path = sshuo;
			sourceTree = "<group>";
		};
		856848C92562B80900AE6964 /* Test */ = {
			isa = PBXGroup;
			children = (
				8568487E2562938A00AE6964 /* ViewController.swift */,
				856848C32562B5C000AE6964 /* SimpleLayoutViewController.swift */,
				856848C62562B7A800AE6964 /* BasicUIScrollViewController.swift */,
			);
			path = Test;
			sourceTree = "<group>";
		};
		856848F22562C03B00AE6964 /* Module */ = {
			isa = PBXGroup;
			children = (
				8565944C25635E59000B22E2 /* Advert */,
				856848F42562C04900AE6964 /* Home */,
			);
			path = Module;
			sourceTree = "<group>";
		};
		856848F42562C04900AE6964 /* Home */ = {
			isa = PBXGroup;
			children = (
				8565944925635D6A000B22E2 /* Home.swift */,
				856848F72562C08100AE6964 /* Square */,
				856848F62562C07400AE6964 /* Analy */,
				856848F52562C05B00AE6964 /* Account */,
			);
			path = Home;
			sourceTree = "<group>";
		};
		856848F52562C05B00AE6964 /* Account */ = {
			isa = PBXGroup;
			children = (
				856849022562C19400AE6964 /* Accoun.swift */,
			);
			path = Account;
			sourceTree = "<group>";
		};
		856848F62562C07400AE6964 /* Analy */ = {
			isa = PBXGroup;
			children = (
				856848FC2562C0EC00AE6964 /* Analy.swift */,
			);
			path = Analy;
			sourceTree = "<group>";
		};
		856848F72562C08100AE6964 /* Square */ = {
			isa = PBXGroup;
			children = (
				856848F82562C0AB00AE6964 /* Square.swift */,
			);
			path = Square;
			sourceTree = "<group>";
		};
/* End PBXGroup section */

/* Begin PBXNativeTarget section */
		856848762562938A00AE6964 /* sshuo */ = {
			isa = PBXNativeTarget;
			buildConfigurationList = 8568488E2562938B00AE6964 /* Build configuration list for PBXNativeTarget "sshuo" */;
			buildPhases = (
				856848732562938A00AE6964 /* Sources */,
				856848742562938A00AE6964 /* Frameworks */,
				856848752562938A00AE6964 /* Resources */,
			);
			buildRules = (
			);
			dependencies = (
			);
			name = sshuo;
			packageProductDependencies = (
				856848C02562B35300AE6964 /* SnapKit */,
				856594462562E54E000B22E2 /* RAMAnimatedTabBarController */,
				856594512563654A000B22E2 /* Kingfisher */,
			);
			productName = sshuo;
			productReference = 856848772562938A00AE6964 /* sshuo.app */;
			productType = "com.apple.product-type.application";
		};
/* End PBXNativeTarget section */

/* Begin PBXProject section */
		8568486F2562938A00AE6964 /* Project object */ = {
			isa = PBXProject;
			attributes = {
				LastSwiftUpdateCheck = 1220;
				LastUpgradeCheck = 1220;
				TargetAttributes = {
					856848762562938A00AE6964 = {
						CreatedOnToolsVersion = 12.2;
					};
				};
			};
			buildConfigurationList = 856848722562938A00AE6964 /* Build configuration list for PBXProject "sshuo" */;
			compatibilityVersion = "Xcode 9.3";
			developmentRegion = en;
			hasScannedForEncodings = 0;
			knownRegions = (
				en,
				Base,
			);
			mainGroup = 8568486E2562938A00AE6964;
			packageReferences = (
				856848BF2562B35300AE6964 /* XCRemoteSwiftPackageReference "SnapKit" */,
				856594452562E54E000B22E2 /* XCRemoteSwiftPackageReference "animated-tab-bar" */,
				856594502563654A000B22E2 /* XCRemoteSwiftPackageReference "Kingfisher" */,
			);
			productRefGroup = 856848782562938A00AE6964 /* Products */;
			projectDirPath = "";
			projectRoot = "";
			targets = (
				856848762562938A00AE6964 /* sshuo */,
			);
		};
/* End PBXProject section */

/* Begin PBXResourcesBuildPhase section */
		856848752562938A00AE6964 /* Resources */ = {
			isa = PBXResourcesBuildPhase;
			buildActionMask = 2147483647;
			files = (
				85684894256296EF00AE6964 /* Resource in Resources */,
				8568488A2562938B00AE6964 /* LaunchScreen.storyboard in Resources */,
				856848872562938B00AE6964 /* Assets.xcassets in Resources */,
				856848822562938A00AE6964 /* Main.storyboard in Resources */,
			);
			runOnlyForDeploymentPostprocessing = 0;
		};
/* End PBXResourcesBuildPhase section */

/* Begin PBXSourcesBuildPhase section */
		856848732562938A00AE6964 /* Sources */ = {
			isa = PBXSourcesBuildPhase;
			buildActionMask = 2147483647;
			files = (
				856848C42562B5C000AE6964 /* SimpleLayoutViewController.swift in Sources */,
				856848852562938A00AE6964 /* sshuo.xcdatamodeld in Sources */,
				856849032562C19400AE6964 /* Accoun.swift in Sources */,
				856848FD2562C0EC00AE6964 /* Analy.swift in Sources */,
				8568487F2562938A00AE6964 /* ViewController.swift in Sources */,
				8568487B2562938A00AE6964 /* AppDelegate.swift in Sources */,
				856848C72562B7A800AE6964 /* BasicUIScrollViewController.swift in Sources */,
				856594432562D3FF000B22E2 /* MainTheme.swift in Sources */,
				8565944E25635E8B000B22E2 /* Advert.swift in Sources */,
				856848F92562C0AB00AE6964 /* Square.swift in Sources */,
				856848CB2562B89B00AE6964 /* Main.swift in Sources */,
				8565944A25635D6A000B22E2 /* Home.swift in Sources */,
				8568487D2562938A00AE6964 /* SceneDelegate.swift in Sources */,
			);
			runOnlyForDeploymentPostprocessing = 0;
		};
/* End PBXSourcesBuildPhase section */

/* Begin PBXVariantGroup section */
		856848802562938A00AE6964 /* Main.storyboard */ = {
			isa = PBXVariantGroup;
			children = (
				856848812562938A00AE6964 /* Base */,
			);
			name = Main.storyboard;
			sourceTree = "<group>";
		};
		856848882562938B00AE6964 /* LaunchScreen.storyboard */ = {
			isa = PBXVariantGroup;
			children = (
				856848892562938B00AE6964 /* Base */,
			);
			name = LaunchScreen.storyboard;
			sourceTree = "<group>";
		};
/* End PBXVariantGroup section */

/* Begin XCBuildConfiguration section */
		8568488C2562938B00AE6964 /* Debug */ = {
			isa = XCBuildConfiguration;
			buildSettings = {
				ALWAYS_SEARCH_USER_PATHS = NO;
				CLANG_ANALYZER_NONNULL = YES;
				CLANG_ANALYZER_NUMBER_OBJECT_CONVERSION = YES_AGGRESSIVE;
				CLANG_CXX_LANGUAGE_STANDARD = "gnu++14";
				CLANG_CXX_LIBRARY = "libc++";
				CLANG_ENABLE_MODULES = YES;
				CLANG_ENABLE_OBJC_ARC = YES;
				CLANG_ENABLE_OBJC_WEAK = YES;
				CLANG_WARN_BLOCK_CAPTURE_AUTORELEASING = YES;
				CLANG_WARN_BOOL_CONVERSION = YES;
				CLANG_WARN_COMMA = YES;
				CLANG_WARN_CONSTANT_CONVERSION = YES;
				CLANG_WARN_DEPRECATED_OBJC_IMPLEMENTATIONS = YES;
				CLANG_WARN_DIRECT_OBJC_ISA_USAGE = YES_ERROR;
				CLANG_WARN_DOCUMENTATION_COMMENTS = YES;
				CLANG_WARN_EMPTY_BODY = YES;
				CLANG_WARN_ENUM_CONVERSION = YES;
				CLANG_WARN_INFINITE_RECURSION = YES;
				CLANG_WARN_INT_CONVERSION = YES;
				CLANG_WARN_NON_LITERAL_NULL_CONVERSION = YES;
				CLANG_WARN_OBJC_IMPLICIT_RETAIN_SELF = YES;
				CLANG_WARN_OBJC_LITERAL_CONVERSION = YES;
				CLANG_WARN_OBJC_ROOT_CLASS = YES_ERROR;
				CLANG_WARN_QUOTED_INCLUDE_IN_FRAMEWORK_HEADER = YES;
				CLANG_WARN_RANGE_LOOP_ANALYSIS = YES;
				CLANG_WARN_STRICT_PROTOTYPES = YES;
				CLANG_WARN_SUSPICIOUS_MOVE = YES;
				CLANG_WARN_UNGUARDED_AVAILABILITY = YES_AGGRESSIVE;
				CLANG_WARN_UNREACHABLE_CODE = YES;
				CLANG_WARN__DUPLICATE_METHOD_MATCH = YES;
				COPY_PHASE_STRIP = NO;
				DEBUG_INFORMATION_FORMAT = dwarf;
				ENABLE_STRICT_OBJC_MSGSEND = YES;
				ENABLE_TESTABILITY = YES;
				GCC_C_LANGUAGE_STANDARD = gnu11;
				GCC_DYNAMIC_NO_PIC = NO;
				GCC_NO_COMMON_BLOCKS = YES;
				GCC_OPTIMIZATION_LEVEL = 0;
				GCC_PREPROCESSOR_DEFINITIONS = (
					"DEBUG=1",
					"$(inherited)",
				);
				GCC_WARN_64_TO_32_BIT_CONVERSION = YES;
				GCC_WARN_ABOUT_RETURN_TYPE = YES_ERROR;
				GCC_WARN_UNDECLARED_SELECTOR = YES;
				GCC_WARN_UNINITIALIZED_AUTOS = YES_AGGRESSIVE;
				GCC_WARN_UNUSED_FUNCTION = YES;
				GCC_WARN_UNUSED_VARIABLE = YES;
				IPHONEOS_DEPLOYMENT_TARGET = 14.2;
				MTL_ENABLE_DEBUG_INFO = INCLUDE_SOURCE;
				MTL_FAST_MATH = YES;
				ONLY_ACTIVE_ARCH = YES;
				SDKROOT = iphoneos;
				SWIFT_ACTIVE_COMPILATION_CONDITIONS = DEBUG;
				SWIFT_OPTIMIZATION_LEVEL = "-Onone";
			};
			name = Debug;
		};
		8568488D2562938B00AE6964 /* Release */ = {
			isa = XCBuildConfiguration;
			buildSettings = {
				ALWAYS_SEARCH_USER_PATHS = NO;
				CLANG_ANALYZER_NONNULL = YES;
				CLANG_ANALYZER_NUMBER_OBJECT_CONVERSION = YES_AGGRESSIVE;
				CLANG_CXX_LANGUAGE_STANDARD = "gnu++14";
				CLANG_CXX_LIBRARY = "libc++";
				CLANG_ENABLE_MODULES = YES;
				CLANG_ENABLE_OBJC_ARC = YES;
				CLANG_ENABLE_OBJC_WEAK = YES;
				CLANG_WARN_BLOCK_CAPTURE_AUTORELEASING = YES;
				CLANG_WARN_BOOL_CONVERSION = YES;
				CLANG_WARN_COMMA = YES;
				CLANG_WARN_CONSTANT_CONVERSION = YES;
				CLANG_WARN_DEPRECATED_OBJC_IMPLEMENTATIONS = YES;
				CLANG_WARN_DIRECT_OBJC_ISA_USAGE = YES_ERROR;
				CLANG_WARN_DOCUMENTATION_COMMENTS = YES;
				CLANG_WARN_EMPTY_BODY = YES;
				CLANG_WARN_ENUM_CONVERSION = YES;
				CLANG_WARN_INFINITE_RECURSION = YES;
				CLANG_WARN_INT_CONVERSION = YES;
				CLANG_WARN_NON_LITERAL_NULL_CONVERSION = YES;
				CLANG_WARN_OBJC_IMPLICIT_RETAIN_SELF = YES;
				CLANG_WARN_OBJC_LITERAL_CONVERSION = YES;
				CLANG_WARN_OBJC_ROOT_CLASS = YES_ERROR;
				CLANG_WARN_QUOTED_INCLUDE_IN_FRAMEWORK_HEADER = YES;
				CLANG_WARN_RANGE_LOOP_ANALYSIS = YES;
				CLANG_WARN_STRICT_PROTOTYPES = YES;
				CLANG_WARN_SUSPICIOUS_MOVE = YES;
				CLANG_WARN_UNGUARDED_AVAILABILITY = YES_AGGRESSIVE;
				CLANG_WARN_UNREACHABLE_CODE = YES;
				CLANG_WARN__DUPLICATE_METHOD_MATCH = YES;
				COPY_PHASE_STRIP = NO;
				DEBUG_INFORMATION_FORMAT = "dwarf-with-dsym";
				ENABLE_NS_ASSERTIONS = NO;
				ENABLE_STRICT_OBJC_MSGSEND = YES;
				GCC_C_LANGUAGE_STANDARD = gnu11;
				GCC_NO_COMMON_BLOCKS = YES;
				GCC_WARN_64_TO_32_BIT_CONVERSION = YES;
				GCC_WARN_ABOUT_RETURN_TYPE = YES_ERROR;
				GCC_WARN_UNDECLARED_SELECTOR = YES;
				GCC_WARN_UNINITIALIZED_AUTOS = YES_AGGRESSIVE;
				GCC_WARN_UNUSED_FUNCTION = YES;
				GCC_WARN_UNUSED_VARIABLE = YES;
				IPHONEOS_DEPLOYMENT_TARGET = 14.2;
				MTL_ENABLE_DEBUG_INFO = NO;
				MTL_FAST_MATH = YES;
				SDKROOT = iphoneos;
				SWIFT_COMPILATION_MODE = wholemodule;
				SWIFT_OPTIMIZATION_LEVEL = "-O";
				VALIDATE_PRODUCT = YES;
			};
			name = Release;
		};
		8568488F2562938B00AE6964 /* Debug */ = {
			isa = XCBuildConfiguration;
			buildSettings = {
				ASSETCATALOG_COMPILER_APPICON_NAME = AppIcon;
				ASSETCATALOG_COMPILER_GLOBAL_ACCENT_COLOR_NAME = AccentColor;
				CODE_SIGN_STYLE = Automatic;
				DEVELOPMENT_TEAM = WYF5MT6849;
				INFOPLIST_FILE = sshuo/Info.plist;
				IPHONEOS_DEPLOYMENT_TARGET = 13.0;
				LD_RUNPATH_SEARCH_PATHS = (
					"$(inherited)",
					"@executable_path/Frameworks",
				);
				PRODUCT_BUNDLE_IDENTIFIER = umebfl.sshuo;
				PRODUCT_NAME = "$(TARGET_NAME)";
				SWIFT_VERSION = 5.0;
				TARGETED_DEVICE_FAMILY = "1,2";
			};
			name = Debug;
		};
		856848902562938B00AE6964 /* Release */ = {
			isa = XCBuildConfiguration;
			buildSettings = {
				ASSETCATALOG_COMPILER_APPICON_NAME = AppIcon;
				ASSETCATALOG_COMPILER_GLOBAL_ACCENT_COLOR_NAME = AccentColor;
				CODE_SIGN_STYLE = Automatic;
				DEVELOPMENT_TEAM = WYF5MT6849;
				INFOPLIST_FILE = sshuo/Info.plist;
				IPHONEOS_DEPLOYMENT_TARGET = 13.0;
				LD_RUNPATH_SEARCH_PATHS = (
					"$(inherited)",
					"@executable_path/Frameworks",
				);
				PRODUCT_BUNDLE_IDENTIFIER = umebfl.sshuo;
				PRODUCT_NAME = "$(TARGET_NAME)";
				SWIFT_VERSION = 5.0;
				TARGETED_DEVICE_FAMILY = "1,2";
			};
			name = Release;
		};
/* End XCBuildConfiguration section */

/* Begin XCConfigurationList section */
		856848722562938A00AE6964 /* Build configuration list for PBXProject "sshuo" */ = {
			isa = XCConfigurationList;
			buildConfigurations = (
				8568488C2562938B00AE6964 /* Debug */,
				8568488D2562938B00AE6964 /* Release */,
			);
			defaultConfigurationIsVisible = 0;
			defaultConfigurationName = Release;
		};
		8568488E2562938B00AE6964 /* Build configuration list for PBXNativeTarget "sshuo" */ = {
			isa = XCConfigurationList;
			buildConfigurations = (
				8568488F2562938B00AE6964 /* Debug */,
				856848902562938B00AE6964 /* Release */,
			);
			defaultConfigurationIsVisible = 0;
			defaultConfigurationName = Release;
		};
/* End XCConfigurationList section */

/* Begin XCRemoteSwiftPackageReference section */
		856594452562E54E000B22E2 /* XCRemoteSwiftPackageReference "animated-tab-bar" */ = {
			isa = XCRemoteSwiftPackageReference;
			repositoryURL = "https://gitee.com/mirrors/animated-tab-bar.git";
			requirement = {
				kind = upToNextMajorVersion;
				minimumVersion = 5.2.0;
			};
		};
		856594502563654A000B22E2 /* XCRemoteSwiftPackageReference "Kingfisher" */ = {
			isa = XCRemoteSwiftPackageReference;
			repositoryURL = "https://gitee.com/likeSo/Kingfisher.git";
			requirement = {
				kind = upToNextMajorVersion;
				minimumVersion = 5.15.0;
			};
		};
		856848BF2562B35300AE6964 /* XCRemoteSwiftPackageReference "SnapKit" */ = {
			isa = XCRemoteSwiftPackageReference;
			repositoryURL = "https://github.com/SnapKit/SnapKit.git";
			requirement = {
				kind = upToNextMajorVersion;
				minimumVersion = 5.0.1;
			};
		};
/* End XCRemoteSwiftPackageReference section */

/* Begin XCSwiftPackageProductDependency section */
		856594462562E54E000B22E2 /* RAMAnimatedTabBarController */ = {
			isa = XCSwiftPackageProductDependency;
			package = 856594452562E54E000B22E2 /* XCRemoteSwiftPackageReference "animated-tab-bar" */;
			productName = RAMAnimatedTabBarController;
		};
		856594512563654A000B22E2 /* Kingfisher */ = {
			isa = XCSwiftPackageProductDependency;
			package = 856594502563654A000B22E2 /* XCRemoteSwiftPackageReference "Kingfisher" */;
			productName = Kingfisher;
		};
		856848C02562B35300AE6964 /* SnapKit */ = {
			isa = XCSwiftPackageProductDependency;
			package = 856848BF2562B35300AE6964 /* XCRemoteSwiftPackageReference "SnapKit" */;
			productName = SnapKit;
		};
/* End XCSwiftPackageProductDependency section */

/* Begin XCVersionGroup section */
		856848832562938A00AE6964 /* sshuo.xcdatamodeld */ = {
			isa = XCVersionGroup;
			children = (
				856848842562938A00AE6964 /* sshuo.xcdatamodel */,
			);
			currentVersion = 856848842562938A00AE6964 /* sshuo.xcdatamodel */;
			path = sshuo.xcdatamodeld;
			sourceTree = "<group>";
			versionGroupType = wrapper.xcdatamodel;
		};
/* End XCVersionGroup section */
	};
	rootObject = 8568486F2562938A00AE6964 /* Project object */;
}
